
Microsoft Visual Studio Solution File, Format Version 12.00
# Visual Studio 15
VisualStudioVersion = 15.0.28307.168
MinimumVisualStudioVersion = 10.0.40219.1
Project("{8BC9CEB8-8B4A-11D0-8D11-00A0C91BC942}") = "IHT", "IHT\IHT.vcxproj", "{4651559F-F970-4E20-82F2-ACA6EC9DEBDB}"
EndProject
Global
	GlobalSection(SolutionConfigurationPlatforms) = preSolution
		Debug|x64 = Debug|x64
		Debug|x86 = Debug|x86
		Release|x64 = Release|x64
		Release|x86 = Release|x86
	EndGlobalSection
	GlobalSection(ProjectConfigurationPlatforms) = postSolution
		{4651559F-F970-4E20-82F2-ACA6EC9DEBDB}.Debug|x64.ActiveCfg = Debug|x64
		{4651559F-F970-4E20-82F2-ACA6EC9DEBDB}.Debug|x64.Build.0 = Debug|x64
		{4651559F-F970-4E20-82F2-ACA6EC9DEBDB}.Debug|x86.ActiveCfg = Debug|Win32
		{4651559F-F970-4E20-82F2-ACA6EC9DEBDB}.Debug|x86.Build.0 = Debug|Win32
		{4651559F-F970-4E20-82F2-ACA6EC9DEBDB}.Release|x64.ActiveCfg = Release|x64
		{4651559F-F970-4E20-82F2-ACA6EC9DEBDB}.Release|x64.Build.0 = Release|x64
		{4651559F-F970-4E20-82F2-ACA6EC9DEBDB}.Release|x86.ActiveCfg = Release|Win32
		{4651559F-F970-4E20-82F2-ACA6EC9DEBDB}.Release|x86.Build.0 = Release|Win32
	EndGlobalSection
	GlobalSection(SolutionProperties) = preSolution
		HideSolutionNode = FALSE
	EndGlobalSection
	GlobalSection(ExtensibilityGlobals) = postSolution
		SolutionGuid = {5F9D7AAB-805D-413C-B129-71E6418B9BBE}
	EndGlobalSection
EndGlobal
